
Microsoft Visual Studio Solution File, Format Version 12.00
# Visual Studio Version 17
VisualStudioVersion = 17.4.33213.308
MinimumVisualStudioVersion = 10.0.40219.1
Project("{2150E333-8FDC-42A3-9474-1A3956D46DE8}") = "Context", "Context", "{702E053E-BAC5-4F3F-BA40-FD31D6AD61FD}"
EndProject
Project("{2150E333-8FDC-42A3-9474-1A3956D46DE8}") = "Web", "Web", "{C81188A2-B7CD-48F6-BA03-FA3057F60FBB}"
EndProject
Project("{9A19103F-16F7-4668-BE54-9A1E7A4F7556}") = "Chamados", "Context\Chamados\Chamados.csproj", "{274A0F81-E969-4386-9984-F6498E419527}"
EndProject
Project("{9A19103F-16F7-4668-BE54-9A1E7A4F7556}") = "ChamadosApi", "Web\ChamadosApi\ChamadosApi.csproj", "{17D2ECA9-45C0-4970-B9DB-9FF2A427CD66}"
EndProject
Project("{9A19103F-16F7-4668-BE54-9A1E7A4F7556}") = "IdentityServer", "Web\IdentityServer\IdentityServer.csproj", "{0C4BA638-B49C-49F3-9946-EBB6B9D0F6F8}"
EndProject
Project("{9A19103F-16F7-4668-BE54-9A1E7A4F7556}") = "Auth", "Context\Auth\Auth.csproj", "{5DE38981-3BBC-4B30-932B-5741D700ABEF}"
EndProject
Project("{9A19103F-16F7-4668-BE54-9A1E7A4F7556}") = "EnviarEmail", "Context\EnviarEmail\EnviarEmail.csproj", "{A80AF25E-FBDB-48AF-B8D3-26788FF9A4ED}"
EndProject
Project("{9A19103F-16F7-4668-BE54-9A1E7A4F7556}") = "EnviarEmailApi", "Web\EnviarEmailApi\EnviarEmailApi.csproj", "{A050B2BC-8104-421A-9140-431DC75A2346}"
EndProject
Global
	GlobalSection(SolutionConfigurationPlatforms) = preSolution
		Debug|Any CPU = Debug|Any CPU
		Debug|x64 = Debug|x64
		Debug|x86 = Debug|x86
		Release|Any CPU = Release|Any CPU
		Release|x64 = Release|x64
		Release|x86 = Release|x86
	EndGlobalSection
	GlobalSection(ProjectConfigurationPlatforms) = postSolution
		{274A0F81-E969-4386-9984-F6498E419527}.Debug|Any CPU.ActiveCfg = Debug|Any CPU
		{274A0F81-E969-4386-9984-F6498E419527}.Debug|Any CPU.Build.0 = Debug|Any CPU
		{274A0F81-E969-4386-9984-F6498E419527}.Debug|x64.ActiveCfg = Debug|Any CPU
		{274A0F81-E969-4386-9984-F6498E419527}.Debug|x64.Build.0 = Debug|Any CPU
		{274A0F81-E969-4386-9984-F6498E419527}.Debug|x86.ActiveCfg = Debug|Any CPU
		{274A0F81-E969-4386-9984-F6498E419527}.Debug|x86.Build.0 = Debug|Any CPU
		{274A0F81-E969-4386-9984-F6498E419527}.Release|Any CPU.ActiveCfg = Release|Any CPU
		{274A0F81-E969-4386-9984-F6498E419527}.Release|Any CPU.Build.0 = Release|Any CPU
		{274A0F81-E969-4386-9984-F6498E419527}.Release|x64.ActiveCfg = Release|Any CPU
		{274A0F81-E969-4386-9984-F6498E419527}.Release|x64.Build.0 = Release|Any CPU
		{274A0F81-E969-4386-9984-F6498E419527}.Release|x86.ActiveCfg = Release|Any CPU
		{274A0F81-E969-4386-9984-F6498E419527}.Release|x86.Build.0 = Release|Any CPU
		{17D2ECA9-45C0-4970-B9DB-9FF2A427CD66}.Debug|Any CPU.ActiveCfg = Debug|Any CPU
		{17D2ECA9-45C0-4970-B9DB-9FF2A427CD66}.Debug|Any CPU.Build.0 = Debug|Any CPU
		{17D2ECA9-45C0-4970-B9DB-9FF2A427CD66}.Debug|x64.ActiveCfg = Debug|Any CPU
		{17D2ECA9-45C0-4970-B9DB-9FF2A427CD66}.Debug|x64.Build.0 = Debug|Any CPU
		{17D2ECA9-45C0-4970-B9DB-9FF2A427CD66}.Debug|x86.ActiveCfg = Debug|Any CPU
		{17D2ECA9-45C0-4970-B9DB-9FF2A427CD66}.Debug|x86.Build.0 = Debug|Any CPU
		{17D2ECA9-45C0-4970-B9DB-9FF2A427CD66}.Release|Any CPU.ActiveCfg = Release|Any CPU
		{17D2ECA9-45C0-4970-B9DB-9FF2A427CD66}.Release|Any CPU.Build.0 = Release|Any CPU
		{17D2ECA9-45C0-4970-B9DB-9FF2A427CD66}.Release|x64.ActiveCfg = Release|Any CPU
		{17D2ECA9-45C0-4970-B9DB-9FF2A427CD66}.Release|x64.Build.0 = Release|Any CPU
		{17D2ECA9-45C0-4970-B9DB-9FF2A427CD66}.Release|x86.ActiveCfg = Release|Any CPU
		{17D2ECA9-45C0-4970-B9DB-9FF2A427CD66}.Release|x86.Build.0 = Release|Any CPU
		{0C4BA638-B49C-49F3-9946-EBB6B9D0F6F8}.Debug|Any CPU.ActiveCfg = Debug|Any CPU
		{0C4BA638-B49C-49F3-9946-EBB6B9D0F6F8}.Debug|Any CPU.Build.0 = Debug|Any CPU
		{0C4BA638-B49C-49F3-9946-EBB6B9D0F6F8}.Debug|x64.ActiveCfg = Debug|Any CPU
		{0C4BA638-B49C-49F3-9946-EBB6B9D0F6F8}.Debug|x64.Build.0 = Debug|Any CPU
		{0C4BA638-B49C-49F3-9946-EBB6B9D0F6F8}.Debug|x86.ActiveCfg = Debug|Any CPU
		{0C4BA638-B49C-49F3-9946-EBB6B9D0F6F8}.Debug|x86.Build.0 = Debug|Any CPU
		{0C4BA638-B49C-49F3-9946-EBB6B9D0F6F8}.Release|Any CPU.ActiveCfg = Release|Any CPU
		{0C4BA638-B49C-49F3-9946-EBB6B9D0F6F8}.Release|Any CPU.Build.0 = Release|Any CPU
		{0C4BA638-B49C-49F3-9946-EBB6B9D0F6F8}.Release|x64.ActiveCfg = Release|Any CPU
		{0C4BA638-B49C-49F3-9946-EBB6B9D0F6F8}.Release|x64.Build.0 = Release|Any CPU
		{0C4BA638-B49C-49F3-9946-EBB6B9D0F6F8}.Release|x86.ActiveCfg = Release|Any CPU
		{0C4BA638-B49C-49F3-9946-EBB6B9D0F6F8}.Release|x86.Build.0 = Release|Any CPU
		{5DE38981-3BBC-4B30-932B-5741D700ABEF}.Debug|Any CPU.ActiveCfg = Debug|Any CPU
		{5DE38981-3BBC-4B30-932B-5741D700ABEF}.Debug|Any CPU.Build.0 = Debug|Any CPU
		{5DE38981-3BBC-4B30-932B-5741D700ABEF}.Debug|x64.ActiveCfg = Debug|Any CPU
		{5DE38981-3BBC-4B30-932B-5741D700ABEF}.Debug|x64.Build.0 = Debug|Any CPU
		{5DE38981-3BBC-4B30-932B-5741D700ABEF}.Debug|x86.ActiveCfg = Debug|Any CPU
		{5DE38981-3BBC-4B30-932B-5741D700ABEF}.Debug|x86.Build.0 = Debug|Any CPU
		{5DE38981-3BBC-4B30-932B-5741D700ABEF}.Release|Any CPU.ActiveCfg = Release|Any CPU
		{5DE38981-3BBC-4B30-932B-5741D700ABEF}.Release|Any CPU.Build.0 = Release|Any CPU
		{5DE38981-3BBC-4B30-932B-5741D700ABEF}.Release|x64.ActiveCfg = Release|Any CPU
		{5DE38981-3BBC-4B30-932B-5741D700ABEF}.Release|x64.Build.0 = Release|Any CPU
		{5DE38981-3BBC-4B30-932B-5741D700ABEF}.Release|x86.ActiveCfg = Release|Any CPU
		{5DE38981-3BBC-4B30-932B-5741D700ABEF}.Release|x86.Build.0 = Release|Any CPU
		{A80AF25E-FBDB-48AF-B8D3-26788FF9A4ED}.Debug|Any CPU.ActiveCfg = Debug|Any CPU
		{A80AF25E-FBDB-48AF-B8D3-26788FF9A4ED}.Debug|Any CPU.Build.0 = Debug|Any CPU
		{A80AF25E-FBDB-48AF-B8D3-26788FF9A4ED}.Debug|x64.ActiveCfg = Debug|Any CPU
		{A80AF25E-FBDB-48AF-B8D3-26788FF9A4ED}.Debug|x64.Build.0 = Debug|Any CPU
		{A80AF25E-FBDB-48AF-B8D3-26788FF9A4ED}.Debug|x86.ActiveCfg = Debug|Any CPU
		{A80AF25E-FBDB-48AF-B8D3-26788FF9A4ED}.Debug|x86.Build.0 = Debug|Any CPU
		{A80AF25E-FBDB-48AF-B8D3-26788FF9A4ED}.Release|Any CPU.ActiveCfg = Release|Any CPU
		{A80AF25E-FBDB-48AF-B8D3-26788FF9A4ED}.Release|Any CPU.Build.0 = Release|Any CPU
		{A80AF25E-FBDB-48AF-B8D3-26788FF9A4ED}.Release|x64.ActiveCfg = Release|Any CPU
		{A80AF25E-FBDB-48AF-B8D3-26788FF9A4ED}.Release|x64.Build.0 = Release|Any CPU
		{A80AF25E-FBDB-48AF-B8D3-26788FF9A4ED}.Release|x86.ActiveCfg = Release|Any CPU
		{A80AF25E-FBDB-48AF-B8D3-26788FF9A4ED}.Release|x86.Build.0 = Release|Any CPU
		{A050B2BC-8104-421A-9140-431DC75A2346}.Debug|Any CPU.ActiveCfg = Debug|Any CPU
		{A050B2BC-8104-421A-9140-431DC75A2346}.Debug|Any CPU.Build.0 = Debug|Any CPU
		{A050B2BC-8104-421A-9140-431DC75A2346}.Debug|x64.ActiveCfg = Debug|Any CPU
		{A050B2BC-8104-421A-9140-431DC75A2346}.Debug|x64.Build.0 = Debug|Any CPU
		{A050B2BC-8104-421A-9140-431DC75A2346}.Debug|x86.ActiveCfg = Debug|Any CPU
		{A050B2BC-8104-421A-9140-431DC75A2346}.Debug|x86.Build.0 = Debug|Any CPU
		{A050B2BC-8104-421A-9140-431DC75A2346}.Release|Any CPU.ActiveCfg = Release|Any CPU
		{A050B2BC-8104-421A-9140-431DC75A2346}.Release|Any CPU.Build.0 = Release|Any CPU
		{A050B2BC-8104-421A-9140-431DC75A2346}.Release|x64.ActiveCfg = Release|Any CPU
		{A050B2BC-8104-421A-9140-431DC75A2346}.Release|x64.Build.0 = Release|Any CPU
		{A050B2BC-8104-421A-9140-431DC75A2346}.Release|x86.ActiveCfg = Release|Any CPU
		{A050B2BC-8104-421A-9140-431DC75A2346}.Release|x86.Build.0 = Release|Any CPU
	EndGlobalSection
	GlobalSection(SolutionProperties) = preSolution
		HideSolutionNode = FALSE
	EndGlobalSection
	GlobalSection(NestedProjects) = preSolution
		{274A0F81-E969-4386-9984-F6498E419527} = {702E053E-BAC5-4F3F-BA40-FD31D6AD61FD}
		{17D2ECA9-45C0-4970-B9DB-9FF2A427CD66} = {C81188A2-B7CD-48F6-BA03-FA3057F60FBB}
		{0C4BA638-B49C-49F3-9946-EBB6B9D0F6F8} = {C81188A2-B7CD-48F6-BA03-FA3057F60FBB}
		{5DE38981-3BBC-4B30-932B-5741D700ABEF} = {702E053E-BAC5-4F3F-BA40-FD31D6AD61FD}
		{A80AF25E-FBDB-48AF-B8D3-26788FF9A4ED} = {702E053E-BAC5-4F3F-BA40-FD31D6AD61FD}
		{A050B2BC-8104-421A-9140-431DC75A2346} = {C81188A2-B7CD-48F6-BA03-FA3057F60FBB}
	EndGlobalSection
	GlobalSection(ExtensibilityGlobals) = postSolution
		SolutionGuid = {DB0A81DE-D63C-47A1-89E1-7A4A478E6E58}
	EndGlobalSection
EndGlobal
